
Microsoft Visual Studio Solution File, Format Version 12.00
# Visual Studio Version 16
VisualStudioVersion = 16.0.31624.102
MinimumVisualStudioVersion = 10.0.40219.1
Project("{FAE04EC0-301F-11D3-BF4B-00C04F79EFBC}") = "LoginPass", "LoginPass\LoginPass.csproj", "{B053EEDB-D28B-4E7F-8835-D786B0DEBDDF}"
EndProject
Global
	GlobalSection(SolutionConfigurationPlatforms) = preSolution
		Debug|Any CPU = Debug|Any CPU
		Release|Any CPU = Release|Any CPU
	EndGlobalSection
	GlobalSection(ProjectConfigurationPlatforms) = postSolution
		{B053EEDB-D28B-4E7F-8835-D786B0DEBDDF}.Debug|Any CPU.ActiveCfg = Debug|Any CPU
		{B053EEDB-D28B-4E7F-8835-D786B0DEBDDF}.Debug|Any CPU.Build.0 = Debug|Any CPU
		{B053EEDB-D28B-4E7F-8835-D786B0DEBDDF}.Release|Any CPU.ActiveCfg = Release|Any CPU
		{B053EEDB-D28B-4E7F-8835-D786B0DEBDDF}.Release|Any CPU.Build.0 = Release|Any CPU
	EndGlobalSection
	GlobalSection(SolutionProperties) = preSolution
		HideSolutionNode = FALSE
	EndGlobalSection
	GlobalSection(ExtensibilityGlobals) = postSolution
		SolutionGuid = {741CED45-A873-460C-9839-FA2973304ED1}
	EndGlobalSection
EndGlobal
